
Microsoft Visual Studio Solution File, Format Version 12.00
# Visual Studio Version 17
VisualStudioVersion = 17.0.31903.59
MinimumVisualStudioVersion = 10.0.40219.1
Project("{2150E333-8FDC-42A3-9474-1A3956D46DE8}") = "src", "src", "{827E0CD3-B72D-47B6-A68D-7590B98EB39B}"
EndProject
Project("{FAE04EC0-301F-11D3-BF4B-00C04F79EFBC}") = "Readsis.API", "src\Readsis.API\Readsis.API.csproj", "{353515F7-EF4F-4AFD-B4AD-346AFD6D5F70}"
EndProject
Project("{FAE04EC0-301F-11D3-BF4B-00C04F79EFBC}") = "Readsis.Core", "src\Readsis.Core\Readsis.Core.csproj", "{0166FB00-F8D3-44E9-A961-61DC39595A7A}"
EndProject
Project("{FAE04EC0-301F-11D3-BF4B-00C04F79EFBC}") = "Readsis.Application", "src\Readsis.Application\Readsis.Application.csproj", "{B0A17ADC-04E3-4174-B6C7-1FD90989D9B3}"
EndProject
Project("{FAE04EC0-301F-11D3-BF4B-00C04F79EFBC}") = "Readsis.Infrastructure", "src\Readsis.Infrastructure\Readsis.Infrastructure.csproj", "{9C9170B2-C5B5-4F97-BCA8-075C6F6CFEDB}"
EndProject
Project("{2150E333-8FDC-42A3-9474-1A3956D46DE8}") = "tests", "tests", "{0AB3BF05-4346-4AA6-1389-037BE0695223}"
EndProject
Project("{FAE04EC0-301F-11D3-BF4B-00C04F79EFBC}") = "Readsis.UnitTests", "tests\Readsis.UnitTests\Readsis.UnitTests.csproj", "{A705DB72-5CF7-4F0E-A480-ABE01134EEEC}"
EndProject
Project("{FAE04EC0-301F-11D3-BF4B-00C04F79EFBC}") = "Readsis.IntegrationTests", "tests\Readsis.IntegrationTests\Readsis.IntegrationTests.csproj", "{8E3E60DA-B3D1-43B6-BEFD-002DADC9CBE5}"
EndProject
Global
	GlobalSection(SolutionConfigurationPlatforms) = preSolution
		Debug|Any CPU = Debug|Any CPU
		Debug|x64 = Debug|x64
		Debug|x86 = Debug|x86
		Release|Any CPU = Release|Any CPU
		Release|x64 = Release|x64
		Release|x86 = Release|x86
	EndGlobalSection
	GlobalSection(ProjectConfigurationPlatforms) = postSolution
		{353515F7-EF4F-4AFD-B4AD-346AFD6D5F70}.Debug|Any CPU.ActiveCfg = Debug|Any CPU
		{353515F7-EF4F-4AFD-B4AD-346AFD6D5F70}.Debug|Any CPU.Build.0 = Debug|Any CPU
		{353515F7-EF4F-4AFD-B4AD-346AFD6D5F70}.Debug|x64.ActiveCfg = Debug|Any CPU
		{353515F7-EF4F-4AFD-B4AD-346AFD6D5F70}.Debug|x64.Build.0 = Debug|Any CPU
		{353515F7-EF4F-4AFD-B4AD-346AFD6D5F70}.Debug|x86.ActiveCfg = Debug|Any CPU
		{353515F7-EF4F-4AFD-B4AD-346AFD6D5F70}.Debug|x86.Build.0 = Debug|Any CPU
		{353515F7-EF4F-4AFD-B4AD-346AFD6D5F70}.Release|Any CPU.ActiveCfg = Release|Any CPU
		{353515F7-EF4F-4AFD-B4AD-346AFD6D5F70}.Release|Any CPU.Build.0 = Release|Any CPU
		{353515F7-EF4F-4AFD-B4AD-346AFD6D5F70}.Release|x64.ActiveCfg = Release|Any CPU
		{353515F7-EF4F-4AFD-B4AD-346AFD6D5F70}.Release|x64.Build.0 = Release|Any CPU
		{353515F7-EF4F-4AFD-B4AD-346AFD6D5F70}.Release|x86.ActiveCfg = Release|Any CPU
		{353515F7-EF4F-4AFD-B4AD-346AFD6D5F70}.Release|x86.Build.0 = Release|Any CPU
		{0166FB00-F8D3-44E9-A961-61DC39595A7A}.Debug|Any CPU.ActiveCfg = Debug|Any CPU
		{0166FB00-F8D3-44E9-A961-61DC39595A7A}.Debug|Any CPU.Build.0 = Debug|Any CPU
		{0166FB00-F8D3-44E9-A961-61DC39595A7A}.Debug|x64.ActiveCfg = Debug|Any CPU
		{0166FB00-F8D3-44E9-A961-61DC39595A7A}.Debug|x64.Build.0 = Debug|Any CPU
		{0166FB00-F8D3-44E9-A961-61DC39595A7A}.Debug|x86.ActiveCfg = Debug|Any CPU
		{0166FB00-F8D3-44E9-A961-61DC39595A7A}.Debug|x86.Build.0 = Debug|Any CPU
		{0166FB00-F8D3-44E9-A961-61DC39595A7A}.Release|Any CPU.ActiveCfg = Release|Any CPU
		{0166FB00-F8D3-44E9-A961-61DC39595A7A}.Release|Any CPU.Build.0 = Release|Any CPU
		{0166FB00-F8D3-44E9-A961-61DC39595A7A}.Release|x64.ActiveCfg = Release|Any CPU
		{0166FB00-F8D3-44E9-A961-61DC39595A7A}.Release|x64.Build.0 = Release|Any CPU
		{0166FB00-F8D3-44E9-A961-61DC39595A7A}.Release|x86.ActiveCfg = Release|Any CPU
		{0166FB00-F8D3-44E9-A961-61DC39595A7A}.Release|x86.Build.0 = Release|Any CPU
		{B0A17ADC-04E3-4174-B6C7-1FD90989D9B3}.Debug|Any CPU.ActiveCfg = Debug|Any CPU
		{B0A17ADC-04E3-4174-B6C7-1FD90989D9B3}.Debug|Any CPU.Build.0 = Debug|Any CPU
		{B0A17ADC-04E3-4174-B6C7-1FD90989D9B3}.Debug|x64.ActiveCfg = Debug|Any CPU
		{B0A17ADC-04E3-4174-B6C7-1FD90989D9B3}.Debug|x64.Build.0 = Debug|Any CPU
		{B0A17ADC-04E3-4174-B6C7-1FD90989D9B3}.Debug|x86.ActiveCfg = Debug|Any CPU
		{B0A17ADC-04E3-4174-B6C7-1FD90989D9B3}.Debug|x86.Build.0 = Debug|Any CPU
		{B0A17ADC-04E3-4174-B6C7-1FD90989D9B3}.Release|Any CPU.ActiveCfg = Release|Any CPU
		{B0A17ADC-04E3-4174-B6C7-1FD90989D9B3}.Release|Any CPU.Build.0 = Release|Any CPU
		{B0A17ADC-04E3-4174-B6C7-1FD90989D9B3}.Release|x64.ActiveCfg = Release|Any CPU
		{B0A17ADC-04E3-4174-B6C7-1FD90989D9B3}.Release|x64.Build.0 = Release|Any CPU
		{B0A17ADC-04E3-4174-B6C7-1FD90989D9B3}.Release|x86.ActiveCfg = Release|Any CPU
		{B0A17ADC-04E3-4174-B6C7-1FD90989D9B3}.Release|x86.Build.0 = Release|Any CPU
		{9C9170B2-C5B5-4F97-BCA8-075C6F6CFEDB}.Debug|Any CPU.ActiveCfg = Debug|Any CPU
		{9C9170B2-C5B5-4F97-BCA8-075C6F6CFEDB}.Debug|Any CPU.Build.0 = Debug|Any CPU
		{9C9170B2-C5B5-4F97-BCA8-075C6F6CFEDB}.Debug|x64.ActiveCfg = Debug|Any CPU
		{9C9170B2-C5B5-4F97-BCA8-075C6F6CFEDB}.Debug|x64.Build.0 = Debug|Any CPU
		{9C9170B2-C5B5-4F97-BCA8-075C6F6CFEDB}.Debug|x86.ActiveCfg = Debug|Any CPU
		{9C9170B2-C5B5-4F97-BCA8-075C6F6CFEDB}.Debug|x86.Build.0 = Debug|Any CPU
		{9C9170B2-C5B5-4F97-BCA8-075C6F6CFEDB}.Release|Any CPU.ActiveCfg = Release|Any CPU
		{9C9170B2-C5B5-4F97-BCA8-075C6F6CFEDB}.Release|Any CPU.Build.0 = Release|Any CPU
		{9C9170B2-C5B5-4F97-BCA8-075C6F6CFEDB}.Release|x64.ActiveCfg = Release|Any CPU
		{9C9170B2-C5B5-4F97-BCA8-075C6F6CFEDB}.Release|x64.Build.0 = Release|Any CPU
		{9C9170B2-C5B5-4F97-BCA8-075C6F6CFEDB}.Release|x86.ActiveCfg = Release|Any CPU
		{9C9170B2-C5B5-4F97-BCA8-075C6F6CFEDB}.Release|x86.Build.0 = Release|Any CPU
		{A705DB72-5CF7-4F0E-A480-ABE01134EEEC}.Debug|Any CPU.ActiveCfg = Debug|Any CPU
		{A705DB72-5CF7-4F0E-A480-ABE01134EEEC}.Debug|Any CPU.Build.0 = Debug|Any CPU
		{A705DB72-5CF7-4F0E-A480-ABE01134EEEC}.Debug|x64.ActiveCfg = Debug|Any CPU
		{A705DB72-5CF7-4F0E-A480-ABE01134EEEC}.Debug|x64.Build.0 = Debug|Any CPU
		{A705DB72-5CF7-4F0E-A480-ABE01134EEEC}.Debug|x86.ActiveCfg = Debug|Any CPU
		{A705DB72-5CF7-4F0E-A480-ABE01134EEEC}.Debug|x86.Build.0 = Debug|Any CPU
		{A705DB72-5CF7-4F0E-A480-ABE01134EEEC}.Release|Any CPU.ActiveCfg = Release|Any CPU
		{A705DB72-5CF7-4F0E-A480-ABE01134EEEC}.Release|Any CPU.Build.0 = Release|Any CPU
		{A705DB72-5CF7-4F0E-A480-ABE01134EEEC}.Release|x64.ActiveCfg = Release|Any CPU
		{A705DB72-5CF7-4F0E-A480-ABE01134EEEC}.Release|x64.Build.0 = Release|Any CPU
		{A705DB72-5CF7-4F0E-A480-ABE01134EEEC}.Release|x86.ActiveCfg = Release|Any CPU
		{A705DB72-5CF7-4F0E-A480-ABE01134EEEC}.Release|x86.Build.0 = Release|Any CPU
		{8E3E60DA-B3D1-43B6-BEFD-002DADC9CBE5}.Debug|Any CPU.ActiveCfg = Debug|Any CPU
		{8E3E60DA-B3D1-43B6-BEFD-002DADC9CBE5}.Debug|Any CPU.Build.0 = Debug|Any CPU
		{8E3E60DA-B3D1-43B6-BEFD-002DADC9CBE5}.Debug|x64.ActiveCfg = Debug|Any CPU
		{8E3E60DA-B3D1-43B6-BEFD-002DADC9CBE5}.Debug|x64.Build.0 = Debug|Any CPU
		{8E3E60DA-B3D1-43B6-BEFD-002DADC9CBE5}.Debug|x86.ActiveCfg = Debug|Any CPU
		{8E3E60DA-B3D1-43B6-BEFD-002DADC9CBE5}.Debug|x86.Build.0 = Debug|Any CPU
		{8E3E60DA-B3D1-43B6-BEFD-002DADC9CBE5}.Release|Any CPU.ActiveCfg = Release|Any CPU
		{8E3E60DA-B3D1-43B6-BEFD-002DADC9CBE5}.Release|Any CPU.Build.0 = Release|Any CPU
		{8E3E60DA-B3D1-43B6-BEFD-002DADC9CBE5}.Release|x64.ActiveCfg = Release|Any CPU
		{8E3E60DA-B3D1-43B6-BEFD-002DADC9CBE5}.Release|x64.Build.0 = Release|Any CPU
		{8E3E60DA-B3D1-43B6-BEFD-002DADC9CBE5}.Release|x86.ActiveCfg = Release|Any CPU
		{8E3E60DA-B3D1-43B6-BEFD-002DADC9CBE5}.Release|x86.Build.0 = Release|Any CPU
	EndGlobalSection
	GlobalSection(SolutionProperties) = preSolution
		HideSolutionNode = FALSE
	EndGlobalSection
	GlobalSection(NestedProjects) = preSolution
		{353515F7-EF4F-4AFD-B4AD-346AFD6D5F70} = {827E0CD3-B72D-47B6-A68D-7590B98EB39B}
		{0166FB00-F8D3-44E9-A961-61DC39595A7A} = {827E0CD3-B72D-47B6-A68D-7590B98EB39B}
		{B0A17ADC-04E3-4174-B6C7-1FD90989D9B3} = {827E0CD3-B72D-47B6-A68D-7590B98EB39B}
		{9C9170B2-C5B5-4F97-BCA8-075C6F6CFEDB} = {827E0CD3-B72D-47B6-A68D-7590B98EB39B}
		{A705DB72-5CF7-4F0E-A480-ABE01134EEEC} = {0AB3BF05-4346-4AA6-1389-037BE0695223}
		{8E3E60DA-B3D1-43B6-BEFD-002DADC9CBE5} = {0AB3BF05-4346-4AA6-1389-037BE0695223}
	EndGlobalSection
EndGlobal
